
Microsoft Visual Studio Solution File, Format Version 12.00
# Visual Studio Version 16
VisualStudioVersion = 16.0.31205.134
MinimumVisualStudioVersion = 10.0.40219.1
Project("{9A19103F-16F7-4668-BE54-9A1E7A4F7556}") = "Core", "Core\Core.csproj", "{01C7D785-EA06-4E7D-B2A3-8B4CBDDCA425}"
EndProject
Project("{9A19103F-16F7-4668-BE54-9A1E7A4F7556}") = "API", "API\API.csproj", "{4A421510-965B-4E20-A9D7-27F0A2F8B4B3}"
EndProject
Project("{9A19103F-16F7-4668-BE54-9A1E7A4F7556}") = "Data", "Data\Data.csproj", "{25953BDD-EF12-4609-B666-A973FACE3055}"
EndProject
Project("{9A19103F-16F7-4668-BE54-9A1E7A4F7556}") = "Business", "Business\Business.csproj", "{9D3B9119-9123-4B1B-821C-81C728998CF7}"
EndProject
Project("{FAE04EC0-301F-11D3-BF4B-00C04F79EFBC}") = "Entities", "Entities\Entities.csproj", "{AC5FD1DF-F132-4533-94FA-16C9179D034E}"
EndProject
Global
	GlobalSection(SolutionConfigurationPlatforms) = preSolution
		Debug|Any CPU = Debug|Any CPU
		Release|Any CPU = Release|Any CPU
	EndGlobalSection
	GlobalSection(ProjectConfigurationPlatforms) = postSolution
		{01C7D785-EA06-4E7D-B2A3-8B4CBDDCA425}.Debug|Any CPU.ActiveCfg = Debug|Any CPU
		{01C7D785-EA06-4E7D-B2A3-8B4CBDDCA425}.Debug|Any CPU.Build.0 = Debug|Any CPU
		{01C7D785-EA06-4E7D-B2A3-8B4CBDDCA425}.Release|Any CPU.ActiveCfg = Release|Any CPU
		{01C7D785-EA06-4E7D-B2A3-8B4CBDDCA425}.Release|Any CPU.Build.0 = Release|Any CPU
		{4A421510-965B-4E20-A9D7-27F0A2F8B4B3}.Debug|Any CPU.ActiveCfg = Debug|Any CPU
		{4A421510-965B-4E20-A9D7-27F0A2F8B4B3}.Debug|Any CPU.Build.0 = Debug|Any CPU
		{4A421510-965B-4E20-A9D7-27F0A2F8B4B3}.Release|Any CPU.ActiveCfg = Release|Any CPU
		{4A421510-965B-4E20-A9D7-27F0A2F8B4B3}.Release|Any CPU.Build.0 = Release|Any CPU
		{25953BDD-EF12-4609-B666-A973FACE3055}.Debug|Any CPU.ActiveCfg = Debug|Any CPU
		{25953BDD-EF12-4609-B666-A973FACE3055}.Debug|Any CPU.Build.0 = Debug|Any CPU
		{25953BDD-EF12-4609-B666-A973FACE3055}.Release|Any CPU.ActiveCfg = Release|Any CPU
		{25953BDD-EF12-4609-B666-A973FACE3055}.Release|Any CPU.Build.0 = Release|Any CPU
		{9D3B9119-9123-4B1B-821C-81C728998CF7}.Debug|Any CPU.ActiveCfg = Debug|Any CPU
		{9D3B9119-9123-4B1B-821C-81C728998CF7}.Debug|Any CPU.Build.0 = Debug|Any CPU
		{9D3B9119-9123-4B1B-821C-81C728998CF7}.Release|Any CPU.ActiveCfg = Release|Any CPU
		{9D3B9119-9123-4B1B-821C-81C728998CF7}.Release|Any CPU.Build.0 = Release|Any CPU
		{AC5FD1DF-F132-4533-94FA-16C9179D034E}.Debug|Any CPU.ActiveCfg = Debug|Any CPU
		{AC5FD1DF-F132-4533-94FA-16C9179D034E}.Debug|Any CPU.Build.0 = Debug|Any CPU
		{AC5FD1DF-F132-4533-94FA-16C9179D034E}.Release|Any CPU.ActiveCfg = Release|Any CPU
		{AC5FD1DF-F132-4533-94FA-16C9179D034E}.Release|Any CPU.Build.0 = Release|Any CPU
	EndGlobalSection
	GlobalSection(SolutionProperties) = preSolution
		HideSolutionNode = FALSE
	EndGlobalSection
	GlobalSection(ExtensibilityGlobals) = postSolution
		SolutionGuid = {67C7C110-24FC-4EB7-9BEB-30D7A47E17DC}
	EndGlobalSection
EndGlobal
